
Microsoft Visual Studio Solution File, Format Version 12.00
# Visual Studio Version 17
VisualStudioVersion = 17.14.36717.8 d17.14
MinimumVisualStudioVersion = 10.0.40219.1
Project("{FAE04EC0-301F-11D3-BF4B-00C04F79EFBC}") = "TimeApp", "TimeApp.csproj", "{CED757C9-DF78-48E8-8C42-6FD5C51E8DA8}"
EndProject
Global
	GlobalSection(SolutionConfigurationPlatforms) = preSolution
		Debug|Any CPU = Debug|Any CPU
		Release|Any CPU = Release|Any CPU
	EndGlobalSection
	GlobalSection(ProjectConfigurationPlatforms) = postSolution
		{CED757C9-DF78-48E8-8C42-6FD5C51E8DA8}.Debug|Any CPU.ActiveCfg = Debug|Any CPU
		{CED757C9-DF78-48E8-8C42-6FD5C51E8DA8}.Debug|Any CPU.Build.0 = Debug|Any CPU
		{CED757C9-DF78-48E8-8C42-6FD5C51E8DA8}.Release|Any CPU.ActiveCfg = Release|Any CPU
		{CED757C9-DF78-48E8-8C42-6FD5C51E8DA8}.Release|Any CPU.Build.0 = Release|Any CPU
	EndGlobalSection
	GlobalSection(SolutionProperties) = preSolution
		HideSolutionNode = FALSE
	EndGlobalSection
	GlobalSection(ExtensibilityGlobals) = postSolution
		SolutionGuid = {EB7CA62C-27AB-4739-A3D4-754D5ACB4DF0}
	EndGlobalSection
EndGlobal
